{
  "nodes": {
    "nixCats": {
      "locked": {
        "lastModified": 1777273601,
        "narHash": "sha256-xBUa8Tl9V7IXI+VmLEuDc81La/EhoSn1C3EVSnJ3cfU=",
        "owner": "BirdeeHub",
        "repo": "nixCats-nvim",
        "rev": "f69ea013e328841a7def7037ed59788a76be8816",
        "type": "github"
      },
      "original": {
        "owner": "BirdeeHub",
        "repo": "nixCats-nvim",
        "type": "github"
      }
    },
    "nixpkgs": {
      "locked": {
        "lastModified": 1779467186,
        "narHash": "sha256-nOesoDCiXcUftqbRBMz9tt4blI5PvljMWbm3kuCA+0s=",
        "owner": "nixos",
        "repo": "nixpkgs",
        "rev": "b77b3de8775677f84492abe84635f87b0e153f0f",
        "type": "github"
      },
      "original": {
        "owner": "nixos",
        "ref": "nixos-25.11",
        "repo": "nixpkgs",
        "type": "github"
      }
    },
    "nixpkgs_2": {
      "locked": {
        "lastModified": 1771008912,
        "narHash": "sha256-gf2AmWVTs8lEq7z/3ZAsgnZDhWIckkb+ZnAo5RzSxJg=",
        "owner": "NixOS",
        "repo": "nixpkgs",
        "rev": "a82ccc39b39b621151d6732718e3e250109076fa",
        "type": "github"
      },
      "original": {
        "owner": "NixOS",
        "ref": "nixos-unstable",
        "repo": "nixpkgs",
        "type": "github"
      }
    },
    "plugins-aoc-nvim": {
      "flake": false,
      "locked": {
        "lastModified": 1764578084,
        "narHash": "sha256-44ctzMD/tD8g9YXFWoNwyLcbf2i8/QW0Laxly4hx5Rg=",
        "owner": "csessh",
        "repo": "aoc.nvim",
        "rev": "c8a5fc9e5d5ba65b2ea8e472c98e40ce861c3433",
        "type": "github"
      },
      "original": {
        "owner": "csessh",
        "repo": "aoc.nvim",
        "type": "github"
      }
    },
    "plugins-deadcolumn-nvim": {
      "flake": false,
      "locked": {
        "lastModified": 1756951626,
        "narHash": "sha256-uYiq6ZbvbHf5eY5EUW70CamlB7DHMY5CQu2hicoCY5I=",
        "owner": "Bekaboo",
        "repo": "deadcolumn.nvim",
        "rev": "92c86f10bfba2717ca2280e2e759b047135d5288",
        "type": "github"
      },
      "original": {
        "owner": "Bekaboo",
        "repo": "deadcolumn.nvim",
        "type": "github"
      }
    },
    "plugins-direnv-nvim": {
      "flake": false,
      "locked": {
        "lastModified": 1778743474,
        "narHash": "sha256-S2AuTMOCiglrvB1mJWEDlSke130GWpnDvMuIapjMyFk=",
        "owner": "NotAShelf",
        "repo": "direnv.nvim",
        "rev": "8962b7fe3f6267db9dd8b2a49f2c6175b7980210",
        "type": "github"
      },
      "original": {
        "owner": "NotAShelf",
        "repo": "direnv.nvim",
        "type": "github"
      }
    },
    "plugins-fyler-nvim": {
      "flake": false,
      "locked": {
        "lastModified": 1775381720,
        "narHash": "sha256-zX0l3SnK/0HUZ8LhocmUlq3Yj6POHWeRQZdPcIzQC4Y=",
        "owner": "A7Lavinraj",
        "repo": "fyler.nvim",
        "rev": "e87911e6c21d099225063f5aa672e00f6dbb5976",
        "type": "github"
      },
      "original": {
        "owner": "A7Lavinraj",
        "repo": "fyler.nvim",
        "type": "github"
      }
    },
    "plugins-hlargs": {
      "flake": false,
      "locked": {
        "lastModified": 1758619418,
        "narHash": "sha256-WjmVefR0qk2ANWgyHSuYMTuCfzlVTF7tqzAL+uatKkc=",
        "owner": "m-demare",
        "repo": "hlargs.nvim",
        "rev": "0b29317c944fb1f76503ce4540d6dceffbb5ccd2",
        "type": "github"
      },
      "original": {
        "owner": "m-demare",
        "repo": "hlargs.nvim",
        "type": "github"
      }
    },
    "plugins-icon-picker-nvim": {
      "flake": false,
      "locked": {
        "lastModified": 1777640917,
        "narHash": "sha256-7OVeJ8AYdxO5JwMTE34A/LQ3B4b/8GudcPsyk9G1IK4=",
        "owner": "SaptanshuWanjari",
        "repo": "icon-picker.nvim",
        "rev": "6feda2881efa74bb977d8990970ed53f315e3812",
        "type": "github"
      },
      "original": {
        "owner": "SaptanshuWanjari",
        "repo": "icon-picker.nvim",
        "type": "github"
      }
    },
    "plugins-mdx-nvim": {
      "flake": false,
      "locked": {
        "lastModified": 1776274011,
        "narHash": "sha256-gkEz2fGQxZkqrJwVyB1LW8d6Z3BUR+nm4e7qX5D3Ak4=",
        "owner": "davidmh",
        "repo": "mdx.nvim",
        "rev": "6c3dc7c4a4b58b5d86404c21a9b4655282ca08c5",
        "type": "github"
      },
      "original": {
        "owner": "davidmh",
        "repo": "mdx.nvim",
        "type": "github"
      }
    },
    "plugins-mini-align": {
      "flake": false,
      "locked": {
        "lastModified": 1778587484,
        "narHash": "sha256-d1SvjsINdmxJqkXHZEjlTj9GNiq+QytOXSVjYr7jZm4=",
        "owner": "nvim-mini",
        "repo": "mini.align",
        "rev": "c701192658ddac4e3b20956a964c2b03157b5e51",
        "type": "github"
      },
      "original": {
        "owner": "nvim-mini",
        "repo": "mini.align",
        "type": "github"
      }
    },
    "plugins-mini-animate": {
      "flake": false,
      "locked": {
        "lastModified": 1779199204,
        "narHash": "sha256-mSeJEg5WUQrObE/eX7mmazBQFF9i+f/WLlxWXmLCaSI=",
        "owner": "nvim-mini",
        "repo": "mini.animate",
        "rev": "a133965b027a6377fddca43f11659af357c12758",
        "type": "github"
      },
      "original": {
        "owner": "nvim-mini",
        "repo": "mini.animate",
        "type": "github"
      }
    },
    "plugins-neotab": {
      "flake": false,
      "locked": {
        "lastModified": 1754332989,
        "narHash": "sha256-pSLvpKqfi1hQrFAYmXTOUOYERtnr79M23z5so2JOGhE=",
        "owner": "kawre",
        "repo": "neotab.nvim",
        "rev": "e99d3e28c5a2066d2d368dfe4ef3827c8d75d337",
        "type": "github"
      },
      "original": {
        "owner": "kawre",
        "repo": "neotab.nvim",
        "type": "github"
      }
    },
    "plugins-nvim-colorizer-lua": {
      "flake": false,
      "locked": {
        "lastModified": 1775585061,
        "narHash": "sha256-Oe3GabiskksOjShjSlWigDj/gudWLicynQ1nCUO1tHQ=",
        "owner": "catgoose",
        "repo": "nvim-colorizer.lua",
        "rev": "5cfe7fffbd01e17b3c1e14af85d5febdef88bd8c",
        "type": "github"
      },
      "original": {
        "owner": "catgoose",
        "repo": "nvim-colorizer.lua",
        "type": "github"
      }
    },
    "plugins-opencode-nvim": {
      "flake": false,
      "locked": {
        "lastModified": 1779711781,
        "narHash": "sha256-5ydT+QoDmZrHbdX3l3KNflS+LqB2/c2xoZBEWPmEj6s=",
        "owner": "sudo-tee",
        "repo": "opencode.nvim",
        "rev": "3798e7f594c04112fb4ea6f9754520b959c5ed2e",
        "type": "github"
      },
      "original": {
        "owner": "sudo-tee",
        "repo": "opencode.nvim",
        "type": "github"
      }
    },
    "plugins-quadlet-lsp-nvim": {
      "flake": false,
      "locked": {
        "lastModified": 1765401805,
        "narHash": "sha256-BBX0HJ5DcgQejRdBgKUFqZVCgvXB6PmfhIhyo46FhpU=",
        "owner": "onlyati",
        "repo": "quadlet-lsp.nvim",
        "rev": "a8125999000861dc08be7f37093e6699c514fb57",
        "type": "github"
      },
      "original": {
        "owner": "onlyati",
        "repo": "quadlet-lsp.nvim",
        "type": "github"
      }
    },
    "plugins-tiny-glimmer-nvim": {
      "flake": false,
      "locked": {
        "lastModified": 1779145797,
        "narHash": "sha256-CUxWZOoEj2kamwlhcpz0K1IR+7TfFC22RPIVj4x6TeI=",
        "owner": "rachartier",
        "repo": "tiny-glimmer.nvim",
        "rev": "f26728abf811324d7ed6b035a11d7b76a27c06c3",
        "type": "github"
      },
      "original": {
        "owner": "rachartier",
        "repo": "tiny-glimmer.nvim",
        "type": "github"
      }
    },
    "plugins-toggleterm-manager-nvim": {
      "flake": false,
      "locked": {
        "lastModified": 1701400122,
        "narHash": "sha256-7t61kcqeOS9hPXc9y88Sa8D0ZXIqxCXtxFQzmHKFJ8c=",
        "owner": "ryanmsnyder",
        "repo": "toggleterm-manager.nvim",
        "rev": "31318b85a7cc20bf50ce32aedf4e835844133863",
        "type": "github"
      },
      "original": {
        "owner": "ryanmsnyder",
        "repo": "toggleterm-manager.nvim",
        "type": "github"
      }
    },
    "quadlet-lsp": {
      "inputs": {
        "nixpkgs": "nixpkgs_2"
      },
      "locked": {
        "lastModified": 1777916795,
        "narHash": "sha256-CbAkLgpSKZc9xcoEZeunEvEVjyaNuHXa7pINMBF9lqU=",
        "owner": "onlyati",
        "repo": "quadlet-lsp",
        "rev": "569560c60ce5c7371f1bfcf9e997f640b2312642",
        "type": "github"
      },
      "original": {
        "owner": "onlyati",
        "repo": "quadlet-lsp",
        "type": "github"
      }
    },
    "root": {
      "inputs": {
        "nixCats": "nixCats",
        "nixpkgs": "nixpkgs",
        "plugins-aoc-nvim": "plugins-aoc-nvim",
        "plugins-deadcolumn-nvim": "plugins-deadcolumn-nvim",
        "plugins-direnv-nvim": "plugins-direnv-nvim",
        "plugins-fyler-nvim": "plugins-fyler-nvim",
        "plugins-hlargs": "plugins-hlargs",
        "plugins-icon-picker-nvim": "plugins-icon-picker-nvim",
        "plugins-mdx-nvim": "plugins-mdx-nvim",
        "plugins-mini-align": "plugins-mini-align",
        "plugins-mini-animate": "plugins-mini-animate",
        "plugins-neotab": "plugins-neotab",
        "plugins-nvim-colorizer-lua": "plugins-nvim-colorizer-lua",
        "plugins-quadlet-lsp-nvim": "plugins-quadlet-lsp-nvim",
        "plugins-tiny-glimmer-nvim": "plugins-tiny-glimmer-nvim",
        "plugins-toggleterm-manager-nvim": "plugins-toggleterm-manager-nvim",
        "quadlet-lsp": "quadlet-lsp"
      }
    }
  },
  "root": "root",
  "version": 7
}
