{
  "nodes": {
    "nixpkgs": {
      "locked": {
        "lastModified": 1733935885,
        "narHash": "sha256-xyiHLs6KJ1fxeGmcCxKjJE4yJknVJxbC8Y/ZRYyC8WE=",
        "owner": "nixos",
        "repo": "nixpkgs",
        "rev": "5a48e3c2e435e95103d56590188cfed7b70e108c",
        "type": "github"
      },
      "original": {
        "owner": "nixos",
        "ref": "nixpkgs-unstable",
        "repo": "nixpkgs",
        "type": "github"
      }
    },
    "plugins-hlargs": {
      "flake": false,
      "locked": {
        "lastModified": 1725582855,
        "narHash": "sha256-K4hoTSYtriCNOz43Xl3KPeR3K9MNw8euY8QLYwBGQE4=",
        "owner": "m-demare",
        "repo": "hlargs.nvim",
        "rev": "53ec5d8ca6ed012de5545ba83ea1eb3d636b09fb",
        "type": "github"
      },
      "original": {
        "owner": "m-demare",
        "repo": "hlargs.nvim",
        "type": "github"
      }
    },
    "plugins-mini-align": {
      "flake": false,
      "locked": {
        "lastModified": 1733662805,
        "narHash": "sha256-ng3OsPMuQHbavRfrWGhi87ONdh7WOKnOAv670EJyYB4=",
        "owner": "echasnovski",
        "repo": "mini.align",
        "rev": "acf1ad6031e49553ed887a2a5e3603211346f1de",
        "type": "github"
      },
      "original": {
        "owner": "echasnovski",
        "repo": "mini.align",
        "type": "github"
      }
    },
    "plugins-mini-animate": {
      "flake": false,
      "locked": {
        "lastModified": 1733078395,
        "narHash": "sha256-ZePmJuHCCymTgaK46nSg5tRloxs+UKrVgVmT++rGKpc=",
        "owner": "echasnovski",
        "repo": "mini.animate",
        "rev": "d14190ac3040116540889e2ebc25f488b195799e",
        "type": "github"
      },
      "original": {
        "owner": "echasnovski",
        "repo": "mini.animate",
        "type": "github"
      }
    },
    "plugins-mini-pairs": {
      "flake": false,
      "locked": {
        "lastModified": 1728656795,
        "narHash": "sha256-PtHxLKU1smVTx655r5SINxuz5CJmZWnBW70T8zJ/oxM=",
        "owner": "echasnovski",
        "repo": "mini.pairs",
        "rev": "7e834c5937d95364cc1740e20d673afe2d034cdb",
        "type": "github"
      },
      "original": {
        "owner": "echasnovski",
        "repo": "mini.pairs",
        "type": "github"
      }
    },
    "plugins-mini-surround": {
      "flake": false,
      "locked": {
        "lastModified": 1733662812,
        "narHash": "sha256-okWJlG0KOdg1ShvkIIMnPSoOzGd7K84eDcp5kx6eVP8=",
        "owner": "echasnovski",
        "repo": "mini.surround",
        "rev": "aa5e245829dd12d8ff0c96ef11da28681d6049aa",
        "type": "github"
      },
      "original": {
        "owner": "echasnovski",
        "repo": "mini.surround",
        "type": "github"
      }
    },
    "plugins-snacks": {
      "flake": false,
      "locked": {
        "lastModified": 1734186602,
        "narHash": "sha256-UzDH37frJG9y4JSn/SQJfK29YW5Dl+UP2iIo1hfnGS0=",
        "owner": "folke",
        "repo": "snacks.nvim",
        "rev": "a7608b13ea476ecca471cf0900a77b8dd1650d76",
        "type": "github"
      },
      "original": {
        "owner": "folke",
        "repo": "snacks.nvim",
        "type": "github"
      }
    },
    "plugins-tmux-navigate": {
      "flake": false,
      "locked": {
        "lastModified": 1665505688,
        "narHash": "sha256-Rn/rIbFx2zCyzvLZmbf7q1nF97Yi9dONUDv1QDcscxo=",
        "owner": "sunaku",
        "repo": "tmux-navigate",
        "rev": "27c83cd229bceff55e6318cce7945995623a6106",
        "type": "github"
      },
      "original": {
        "owner": "sunaku",
        "repo": "tmux-navigate",
        "type": "github"
      }
    },
    "root": {
      "inputs": {
        "nixpkgs": "nixpkgs",
        "plugins-hlargs": "plugins-hlargs",
        "plugins-mini-align": "plugins-mini-align",
        "plugins-mini-animate": "plugins-mini-animate",
        "plugins-mini-pairs": "plugins-mini-pairs",
        "plugins-mini-surround": "plugins-mini-surround",
        "plugins-snacks": "plugins-snacks",
        "plugins-tmux-navigate": "plugins-tmux-navigate"
      }
    }
  },
  "root": "root",
  "version": 7
}
