{
  "nodes": {
    "nixCats": {
      "locked": {
        "lastModified": 1762179093,
        "narHash": "sha256-3VfpsZwi9GGg1J0lR+epW+yQMevZDTUqUOM2re3N+50=",
        "owner": "BirdeeHub",
        "repo": "nixCats-nvim",
        "rev": "946e0f530d5de3395cbcb07942e73b398c1c3cf4",
        "type": "github"
      },
      "original": {
        "owner": "BirdeeHub",
        "repo": "nixCats-nvim",
        "type": "github"
      }
    },
    "nixpkgs": {
      "locked": {
        "lastModified": 1762156382,
        "narHash": "sha256-Yg7Ag7ov5+36jEFC1DaZh/12SEXo6OO3/8rqADRxiqs=",
        "owner": "nixos",
        "repo": "nixpkgs",
        "rev": "7241bcbb4f099a66aafca120d37c65e8dda32717",
        "type": "github"
      },
      "original": {
        "owner": "nixos",
        "ref": "nixpkgs-unstable",
        "repo": "nixpkgs",
        "type": "github"
      }
    },
    "plugins-hlargs": {
      "flake": false,
      "locked": {
        "lastModified": 1758619418,
        "narHash": "sha256-WjmVefR0qk2ANWgyHSuYMTuCfzlVTF7tqzAL+uatKkc=",
        "owner": "m-demare",
        "repo": "hlargs.nvim",
        "rev": "0b29317c944fb1f76503ce4540d6dceffbb5ccd2",
        "type": "github"
      },
      "original": {
        "owner": "m-demare",
        "repo": "hlargs.nvim",
        "type": "github"
      }
    },
    "plugins-mini-animate": {
      "flake": false,
      "locked": {
        "lastModified": 1762188604,
        "narHash": "sha256-9Wd000OvRT6EdT5g/KMH/h22cbjhj9AdE7KjWAkFB7A=",
        "owner": "echasnovski",
        "repo": "mini.animate",
        "rev": "0365de8b69331c25d0d0d7573407a7dc7719e578",
        "type": "github"
      },
      "original": {
        "owner": "echasnovski",
        "repo": "mini.animate",
        "type": "github"
      }
    },
    "plugins-tmux-navigate": {
      "flake": false,
      "locked": {
        "lastModified": 1665505688,
        "narHash": "sha256-Rn/rIbFx2zCyzvLZmbf7q1nF97Yi9dONUDv1QDcscxo=",
        "owner": "sunaku",
        "repo": "tmux-navigate",
        "rev": "27c83cd229bceff55e6318cce7945995623a6106",
        "type": "github"
      },
      "original": {
        "owner": "sunaku",
        "repo": "tmux-navigate",
        "type": "github"
      }
    },
    "plugins-toggleterm": {
      "flake": false,
      "locked": {
        "lastModified": 1741512039,
        "narHash": "sha256-fytbX+L12TK45YKFU9K+iFJcDrwboKabihc2LtX29J4=",
        "owner": "akinsho",
        "repo": "toggleterm.nvim",
        "rev": "9a88eae817ef395952e08650b3283726786fb5fb",
        "type": "github"
      },
      "original": {
        "owner": "akinsho",
        "repo": "toggleterm.nvim",
        "type": "github"
      }
    },
    "plugins-toggleterm-manager": {
      "flake": false,
      "locked": {
        "lastModified": 1701400122,
        "narHash": "sha256-7t61kcqeOS9hPXc9y88Sa8D0ZXIqxCXtxFQzmHKFJ8c=",
        "owner": "ryanmsnyder",
        "repo": "toggleterm-manager.nvim",
        "rev": "31318b85a7cc20bf50ce32aedf4e835844133863",
        "type": "github"
      },
      "original": {
        "owner": "ryanmsnyder",
        "repo": "toggleterm-manager.nvim",
        "type": "github"
      }
    },
    "root": {
      "inputs": {
        "nixCats": "nixCats",
        "nixpkgs": "nixpkgs",
        "plugins-hlargs": "plugins-hlargs",
        "plugins-mini-animate": "plugins-mini-animate",
        "plugins-tmux-navigate": "plugins-tmux-navigate",
        "plugins-toggleterm": "plugins-toggleterm",
        "plugins-toggleterm-manager": "plugins-toggleterm-manager"
      }
    }
  },
  "root": "root",
  "version": 7
}
